// !$*UTF8*$!
{
	archiveVersion = 1;
	classes = {
	};
	objectVersion = 46;
	objects = {

/* Begin PBXBuildFile section */
		CEECF57B1D8258C90019857B /* main.m in Sources */ = {isa = PBXBuildFile; fileRef = CEECF57A1D8258C90019857B /* main.m */; };
		CEECF5821D8259470019857B /* BJBroadcast.m in Sources */ = {isa = PBXBuildFile; fileRef = CEECF5811D8259470019857B /* BJBroadcast.m */; };
		CEECF5851D825BC20019857B /* Listener.m in Sources */ = {isa = PBXBuildFile; fileRef = CEECF5841D825BC20019857B /* Listener.m */; };
/* End PBXBuildFile section */

/* Begin PBXCopyFilesBuildPhase section */
		CEECF5751D8258C90019857B /* CopyFiles */ = {
			isa = PBXCopyFilesBuildPhase;
			buildActionMask = 2147483647;
			dstPath = /usr/share/man/man1/;
			dstSubfolderSpec = 0;
			files = (
			);
			runOnlyForDeploymentPostprocessing = 1;
		};
/* End PBXCopyFilesBuildPhase section */

/* Begin PBXFileReference section */
		CEECF5771D8258C90019857B /* NSNotification */ = {isa = PBXFileReference; explicitFileType = "compiled.mach-o.executable"; includeInIndex = 0; path = NSNotification; sourceTree = BUILT_PRODUCTS_DIR; };
		CEECF57A1D8258C90019857B /* main.m */ = {isa = PBXFileReference; lastKnownFileType = sourcecode.c.objc; path = main.m; sourceTree = "<group>"; };
		CEECF5811D8259470019857B /* BJBroadcast.m */ = {isa = PBXFileReference; fileEncoding = 4; lastKnownFileType = sourcecode.c.objc; path = BJBroadcast.m; sourceTree = "<group>"; };
		CEECF5831D8259810019857B /* BJBroadcast.h */ = {isa = PBXFileReference; lastKnownFileType = sourcecode.c.h; path = BJBroadcast.h; sourceTree = "<group>"; };
		CEECF5841D825BC20019857B /* Listener.m */ = {isa = PBXFileReference; fileEncoding = 4; lastKnownFileType = sourcecode.c.objc; path = Listener.m; sourceTree = "<group>"; };
		CEECF5861D825BCE0019857B /* Listener.h */ = {isa = PBXFileReference; lastKnownFileType = sourcecode.c.h; path = Listener.h; sourceTree = "<group>"; };
/* End PBXFileReference section */

/* Begin PBXFrameworksBuildPhase section */
		CEECF5741D8258C90019857B /* Frameworks */ = {
			isa = PBXFrameworksBuildPhase;
			buildActionMask = 2147483647;
			files = (
			);
			runOnlyForDeploymentPostprocessing = 0;
		};
/* End PBXFrameworksBuildPhase section */

/* Begin PBXGroup section */
		CEECF56E1D8258C90019857B = {
			isa = PBXGroup;
			children = (
				CEECF5791D8258C90019857B /* NSNotification */,
				CEECF5781D8258C90019857B /* Products */,
			);
			sourceTree = "<group>";
		};
		CEECF5781D8258C90019857B /* Products */ = {
			isa = PBXGroup;
			children = (
				CEECF5771D8258C90019857B /* NSNotification */,
			);
			name = Products;
			sourceTree = "<group>";
		};
		CEECF5791D8258C90019857B /* NSNotification */ = {
			isa = PBXGroup;
			children = (
				CEECF57A1D8258C90019857B /* main.m */,
				CEECF5841D825BC20019857B /* Listener.m */,
				CEECF5861D825BCE0019857B /* Listener.h */,
				CEECF5811D8259470019857B /* BJBroadcast.m */,
				CEECF5831D8259810019857B /* BJBroadcast.h */,
			);
			path = NSNotification;
			sourceTree = "<group>";
		};
/* End PBXGroup section */

/* Begin PBXNativeTarget section */
		CEECF5761D8258C90019857B /* NSNotification */ = {
			isa = PBXNativeTarget;
			buildConfigurationList = CEECF57E1D8258C90019857B /* Build configuration list for PBXNativeTarget "NSNotification" */;
			buildPhases = (
				CEECF5731D8258C90019857B /* Sources */,
				CEECF5741D8258C90019857B /* Frameworks */,
				CEECF5751D8258C90019857B /* CopyFiles */,
			);
			buildRules = (
			);
			dependencies = (
			);
			name = NSNotification;
			productName = NSNotification;
			productReference = CEECF5771D8258C90019857B /* NSNotification */;
			productType = "com.apple.product-type.tool";
		};
/* End PBXNativeTarget section */

/* Begin PBXProject section */
		CEECF56F1D8258C90019857B /* Project object */ = {
			isa = PBXProject;
			attributes = {
				LastUpgradeCheck = 0720;
				ORGANIZATIONNAME = "JING ZHANG";
				TargetAttributes = {
					CEECF5761D8258C90019857B = {
						CreatedOnToolsVersion = 7.2.1;
					};
				};
			};
			buildConfigurationList = CEECF5721D8258C90019857B /* Build configuration list for PBXProject "NSNotification" */;
			compatibilityVersion = "Xcode 3.2";
			developmentRegion = English;
			hasScannedForEncodings = 0;
			knownRegions = (
				en,
			);
			mainGroup = CEECF56E1D8258C90019857B;
			productRefGroup = CEECF5781D8258C90019857B /* Products */;
			projectDirPath = "";
			projectRoot = "";
			targets = (
				CEECF5761D8258C90019857B /* NSNotification */,
			);
		};
/* End PBXProject section */

/* Begin PBXSourcesBuildPhase section */
		CEECF5731D8258C90019857B /* Sources */ = {
			isa = PBXSourcesBuildPhase;
			buildActionMask = 2147483647;
			files = (
				CEECF57B1D8258C90019857B /* main.m in Sources */,
				CEECF5851D825BC20019857B /* Listener.m in Sources */,
				CEECF5821D8259470019857B /* BJBroadcast.m in Sources */,
			);
			runOnlyForDeploymentPostprocessing = 0;
		};
/* End PBXSourcesBuildPhase section */

/* Begin XCBuildConfiguration section */
		CEECF57C1D8258C90019857B /* Debug */ = {
			isa = XCBuildConfiguration;
			buildSettings = {
				ALWAYS_SEARCH_USER_PATHS = NO;
				CLANG_CXX_LANGUAGE_STANDARD = "gnu++0x";
				CLANG_CXX_LIBRARY = "libc++";
				CLANG_ENABLE_MODULES = YES;
				CLANG_ENABLE_OBJC_ARC = YES;
				CLANG_WARN_BOOL_CONVERSION = YES;
				CLANG_WARN_CONSTANT_CONVERSION = YES;
				CLANG_WARN_DIRECT_OBJC_ISA_USAGE = YES_ERROR;
				CLANG_WARN_EMPTY_BODY = YES;
				CLANG_WARN_ENUM_CONVERSION = YES;
				CLANG_WARN_INT_CONVERSION = YES;
				CLANG_WARN_OBJC_ROOT_CLASS = YES_ERROR;
				CLANG_WARN_UNREACHABLE_CODE = YES;
				CLANG_WARN__DUPLICATE_METHOD_MATCH = YES;
				CODE_SIGN_IDENTITY = "-";
				COPY_PHASE_STRIP = NO;
				DEBUG_INFORMATION_FORMAT = dwarf;
				ENABLE_STRICT_OBJC_MSGSEND = YES;
				ENABLE_TESTABILITY = YES;
				GCC_C_LANGUAGE_STANDARD = gnu99;
				GCC_DYNAMIC_NO_PIC = NO;
				GCC_NO_COMMON_BLOCKS = YES;
				GCC_OPTIMIZATION_LEVEL = 0;
				GCC_PREPROCESSOR_DEFINITIONS = (
					"DEBUG=1",
					"$(inherited)",
				);
				GCC_WARN_64_TO_32_BIT_CONVERSION = YES;
				GCC_WARN_ABOUT_RETURN_TYPE = YES_ERROR;
				GCC_WARN_UNDECLARED_SELECTOR = YES;
				GCC_WARN_UNINITIALIZED_AUTOS = YES_AGGRESSIVE;
				GCC_WARN_UNUSED_FUNCTION = YES;
				GCC_WARN_UNUSED_VARIABLE = YES;
				MACOSX_DEPLOYMENT_TARGET = 10.10;
				MTL_ENABLE_DEBUG_INFO = YES;
				ONLY_ACTIVE_ARCH = YES;
				SDKROOT = macosx;
			};
			name = Debug;
		};
		CEECF57D1D8258C90019857B /* Release */ = {
			isa = XCBuildConfiguration;
			buildSettings = {
				ALWAYS_SEARCH_USER_PATHS = NO;
				CLANG_CXX_LANGUAGE_STANDARD = "gnu++0x";
				CLANG_CXX_LIBRARY = "libc++";
				CLANG_ENABLE_MODULES = YES;
				CLANG_ENABLE_OBJC_ARC = YES;
				CLANG_WARN_BOOL_CONVERSION = YES;
				CLANG_WARN_CONSTANT_CONVERSION = YES;
				CLANG_WARN_DIRECT_OBJC_ISA_USAGE = YES_ERROR;
				CLANG_WARN_EMPTY_BODY = YES;
				CLANG_WARN_ENUM_CONVERSION = YES;
				CLANG_WARN_INT_CONVERSION = YES;
				CLANG_WARN_OBJC_ROOT_CLASS = YES_ERROR;
				CLANG_WARN_UNREACHABLE_CODE = YES;
				CLANG_WARN__DUPLICATE_METHOD_MATCH = YES;
				CODE_SIGN_IDENTITY = "-";
				COPY_PHASE_STRIP = NO;
				DEBUG_INFORMATION_FORMAT = "dwarf-with-dsym";
				ENABLE_NS_ASSERTIONS = NO;
				ENABLE_STRICT_OBJC_MSGSEND = YES;
				GCC_C_LANGUAGE_STANDARD = gnu99;
				GCC_NO_COMMON_BLOCKS = YES;
				GCC_WARN_64_TO_32_BIT_CONVERSION = YES;
				GCC_WARN_ABOUT_RETURN_TYPE = YES_ERROR;
				GCC_WARN_UNDECLARED_SELECTOR = YES;
				GCC_WARN_UNINITIALIZED_AUTOS = YES_AGGRESSIVE;
				GCC_WARN_UNUSED_FUNCTION = YES;
				GCC_WARN_UNUSED_VARIABLE = YES;
				MACOSX_DEPLOYMENT_TARGET = 10.10;
				MTL_ENABLE_DEBUG_INFO = NO;
				SDKROOT = macosx;
			};
			name = Release;
		};
		CEECF57F1D8258C90019857B /* Debug */ = {
			isa = XCBuildConfiguration;
			buildSettings = {
				PRODUCT_NAME = "$(TARGET_NAME)";
			};
			name = Debug;
		};
		CEECF5801D8258C90019857B /* Release */ = {
			isa = XCBuildConfiguration;
			buildSettings = {
				PRODUCT_NAME = "$(TARGET_NAME)";
			};
			name = Release;
		};
/* End XCBuildConfiguration section */

/* Begin XCConfigurationList section */
		CEECF5721D8258C90019857B /* Build configuration list for PBXProject "NSNotification" */ = {
			isa = XCConfigurationList;
			buildConfigurations = (
				CEECF57C1D8258C90019857B /* Debug */,
				CEECF57D1D8258C90019857B /* Release */,
			);
			defaultConfigurationIsVisible = 0;
			defaultConfigurationName = Release;
		};
		CEECF57E1D8258C90019857B /* Build configuration list for PBXNativeTarget "NSNotification" */ = {
			isa = XCConfigurationList;
			buildConfigurations = (
				CEECF57F1D8258C90019857B /* Debug */,
				CEECF5801D8258C90019857B /* Release */,
			);
			defaultConfigurationIsVisible = 0;
		};
/* End XCConfigurationList section */
	};
	rootObject = CEECF56F1D8258C90019857B /* Project object */;
}
